
Microsoft Visual Studio Solution File, Format Version 12.00
# Visual Studio Version 17
VisualStudioVersion = 17.5.33414.496
MinimumVisualStudioVersion = 10.0.40219.1
Project("{FAE04EC0-301F-11D3-BF4B-00C04F79EFBC}") = "Diplom_popitka1", "Diplom_popitka1\Diplom_popitka1.csproj", "{82C6ABA1-16B4-4A1B-8013-6D8263CDC2CC}"
EndProject
Global
	GlobalSection(SolutionConfigurationPlatforms) = preSolution
		Debug|Any CPU = Debug|Any CPU
		Release|Any CPU = Release|Any CPU
	EndGlobalSection
	GlobalSection(ProjectConfigurationPlatforms) = postSolution
		{82C6ABA1-16B4-4A1B-8013-6D8263CDC2CC}.Debug|Any CPU.ActiveCfg = Debug|Any CPU
		{82C6ABA1-16B4-4A1B-8013-6D8263CDC2CC}.Debug|Any CPU.Build.0 = Debug|Any CPU
		{82C6ABA1-16B4-4A1B-8013-6D8263CDC2CC}.Release|Any CPU.ActiveCfg = Release|Any CPU
		{82C6ABA1-16B4-4A1B-8013-6D8263CDC2CC}.Release|Any CPU.Build.0 = Release|Any CPU
	EndGlobalSection
	GlobalSection(SolutionProperties) = preSolution
		HideSolutionNode = FALSE
	EndGlobalSection
	GlobalSection(ExtensibilityGlobals) = postSolution
		SolutionGuid = {339F26C4-7E0E-4CD5-913B-F29C8047231F}
	EndGlobalSection
EndGlobal
